// !$*UTF8*$!
{
	archiveVersion = 1;
	classes = {
	};
	objectVersion = 50;
	objects = {

/* Begin PBXBuildFile section */
		653E381E24CB111700EF4074 /* Sign.swift in Sources */ = {isa = PBXBuildFile; fileRef = 653E381D24CB111700EF4074 /* Sign.swift */; };
		65822C7324CB0EF100ECC002 /* AppDelegate.swift in Sources */ = {isa = PBXBuildFile; fileRef = 65822C7224CB0EF100ECC002 /* AppDelegate.swift */; };
		65822C7524CB0EF100ECC002 /* SceneDelegate.swift in Sources */ = {isa = PBXBuildFile; fileRef = 65822C7424CB0EF100ECC002 /* SceneDelegate.swift */; };
		65822C7724CB0EF100ECC002 /* ViewController.swift in Sources */ = {isa = PBXBuildFile; fileRef = 65822C7624CB0EF100ECC002 /* ViewController.swift */; };
		65822C7A24CB0EF100ECC002 /* Main.storyboard in Resources */ = {isa = PBXBuildFile; fileRef = 65822C7824CB0EF100ECC002 /* Main.storyboard */; };
		65822C7C24CB0EF400ECC002 /* Assets.xcassets in Resources */ = {isa = PBXBuildFile; fileRef = 65822C7B24CB0EF400ECC002 /* Assets.xcassets */; };
		65822C7F24CB0EF400ECC002 /* LaunchScreen.storyboard in Resources */ = {isa = PBXBuildFile; fileRef = 65822C7D24CB0EF400ECC002 /* LaunchScreen.storyboard */; };
		65A77BE924CB136B007412D1 /* GameState.swift in Sources */ = {isa = PBXBuildFile; fileRef = 65A77BE824CB136B007412D1 /* GameState.swift */; };
/* End PBXBuildFile section */

/* Begin PBXFileReference section */
		653E381D24CB111700EF4074 /* Sign.swift */ = {isa = PBXFileReference; lastKnownFileType = sourcecode.swift; path = Sign.swift; sourceTree = "<group>"; };
		65822C6F24CB0EF100ECC002 /* RPS.app */ = {isa = PBXFileReference; explicitFileType = wrapper.application; includeInIndex = 0; path = RPS.app; sourceTree = BUILT_PRODUCTS_DIR; };
		65822C7224CB0EF100ECC002 /* AppDelegate.swift */ = {isa = PBXFileReference; lastKnownFileType = sourcecode.swift; path = AppDelegate.swift; sourceTree = "<group>"; };
		65822C7424CB0EF100ECC002 /* SceneDelegate.swift */ = {isa = PBXFileReference; lastKnownFileType = sourcecode.swift; path = SceneDelegate.swift; sourceTree = "<group>"; };
		65822C7624CB0EF100ECC002 /* ViewController.swift */ = {isa = PBXFileReference; lastKnownFileType = sourcecode.swift; path = ViewController.swift; sourceTree = "<group>"; };
		65822C7924CB0EF100ECC002 /* Base */ = {isa = PBXFileReference; lastKnownFileType = file.storyboard; name = Base; path = Base.lproj/Main.storyboard; sourceTree = "<group>"; };
		65822C7B24CB0EF400ECC002 /* Assets.xcassets */ = {isa = PBXFileReference; lastKnownFileType = folder.assetcatalog; path = Assets.xcassets; sourceTree = "<group>"; };
		65822C7E24CB0EF400ECC002 /* Base */ = {isa = PBXFileReference; lastKnownFileType = file.storyboard; name = Base; path = Base.lproj/LaunchScreen.storyboard; sourceTree = "<group>"; };
		65822C8024CB0EF400ECC002 /* Info.plist */ = {isa = PBXFileReference; lastKnownFileType = text.plist.xml; path = Info.plist; sourceTree = "<group>"; };
		65A77BE824CB136B007412D1 /* GameState.swift */ = {isa = PBXFileReference; lastKnownFileType = sourcecode.swift; path = GameState.swift; sourceTree = "<group>"; };
/* End PBXFileReference section */

/* Begin PBXFrameworksBuildPhase section */
		65822C6C24CB0EF100ECC002 /* Frameworks */ = {
			isa = PBXFrameworksBuildPhase;
			buildActionMask = 2147483647;
			files = (
			);
			runOnlyForDeploymentPostprocessing = 0;
		};
/* End PBXFrameworksBuildPhase section */

/* Begin PBXGroup section */
		65822C6624CB0EF100ECC002 = {
			isa = PBXGroup;
			children = (
				65822C7124CB0EF100ECC002 /* RPS */,
				65822C7024CB0EF100ECC002 /* Products */,
			);
			sourceTree = "<group>";
		};
		65822C7024CB0EF100ECC002 /* Products */ = {
			isa = PBXGroup;
			children = (
				65822C6F24CB0EF100ECC002 /* RPS.app */,
			);
			name = Products;
			sourceTree = "<group>";
		};
		65822C7124CB0EF100ECC002 /* RPS */ = {
			isa = PBXGroup;
			children = (
				65822C7224CB0EF100ECC002 /* AppDelegate.swift */,
				65822C7424CB0EF100ECC002 /* SceneDelegate.swift */,
				653E381D24CB111700EF4074 /* Sign.swift */,
				65A77BE824CB136B007412D1 /* GameState.swift */,
				65822C7624CB0EF100ECC002 /* ViewController.swift */,
				65822C7824CB0EF100ECC002 /* Main.storyboard */,
				65822C7B24CB0EF400ECC002 /* Assets.xcassets */,
				65822C7D24CB0EF400ECC002 /* LaunchScreen.storyboard */,
				65822C8024CB0EF400ECC002 /* Info.plist */,
			);
			path = RPS;
			sourceTree = "<group>";
		};
/* End PBXGroup section */

/* Begin PBXNativeTarget section */
		65822C6E24CB0EF100ECC002 /* RPS */ = {
			isa = PBXNativeTarget;
			buildConfigurationList = 65822C8324CB0EF400ECC002 /* Build configuration list for PBXNativeTarget "RPS" */;
			buildPhases = (
				65822C6B24CB0EF100ECC002 /* Sources */,
				65822C6C24CB0EF100ECC002 /* Frameworks */,
				65822C6D24CB0EF100ECC002 /* Resources */,
			);
			buildRules = (
			);
			dependencies = (
			);
			name = RPS;
			productName = RPS;
			productReference = 65822C6F24CB0EF100ECC002 /* RPS.app */;
			productType = "com.apple.product-type.application";
		};
/* End PBXNativeTarget section */

/* Begin PBXProject section */
		65822C6724CB0EF100ECC002 /* Project object */ = {
			isa = PBXProject;
			attributes = {
				LastSwiftUpdateCheck = 1160;
				LastUpgradeCheck = 1160;
				ORGANIZATIONNAME = "Tommy Zhang";
				TargetAttributes = {
					65822C6E24CB0EF100ECC002 = {
						CreatedOnToolsVersion = 11.6;
					};
				};
			};
			buildConfigurationList = 65822C6A24CB0EF100ECC002 /* Build configuration list for PBXProject "RPS" */;
			compatibilityVersion = "Xcode 9.3";
			developmentRegion = en;
			hasScannedForEncodings = 0;
			knownRegions = (
				en,
				Base,
			);
			mainGroup = 65822C6624CB0EF100ECC002;
			productRefGroup = 65822C7024CB0EF100ECC002 /* Products */;
			projectDirPath = "";
			projectRoot = "";
			targets = (
				65822C6E24CB0EF100ECC002 /* RPS */,
			);
		};
/* End PBXProject section */

/* Begin PBXResourcesBuildPhase section */
		65822C6D24CB0EF100ECC002 /* Resources */ = {
			isa = PBXResourcesBuildPhase;
			buildActionMask = 2147483647;
			files = (
				65822C7F24CB0EF400ECC002 /* LaunchScreen.storyboard in Resources */,
				65822C7C24CB0EF400ECC002 /* Assets.xcassets in Resources */,
				65822C7A24CB0EF100ECC002 /* Main.storyboard in Resources */,
			);
			runOnlyForDeploymentPostprocessing = 0;
		};
/* End PBXResourcesBuildPhase section */

/* Begin PBXSourcesBuildPhase section */
		65822C6B24CB0EF100ECC002 /* Sources */ = {
			isa = PBXSourcesBuildPhase;
			buildActionMask = 2147483647;
			files = (
				65822C7724CB0EF100ECC002 /* ViewController.swift in Sources */,
				65822C7324CB0EF100ECC002 /* AppDelegate.swift in Sources */,
				65A77BE924CB136B007412D1 /* GameState.swift in Sources */,
				653E381E24CB111700EF4074 /* Sign.swift in Sources */,
				65822C7524CB0EF100ECC002 /* SceneDelegate.swift in Sources */,
			);
			runOnlyForDeploymentPostprocessing = 0;
		};
/* End PBXSourcesBuildPhase section */

/* Begin PBXVariantGroup section */
		65822C7824CB0EF100ECC002 /* Main.storyboard */ = {
			isa = PBXVariantGroup;
			children = (
				65822C7924CB0EF100ECC002 /* Base */,
			);
			name = Main.storyboard;
			sourceTree = "<group>";
		};
		65822C7D24CB0EF400ECC002 /* LaunchScreen.storyboard */ = {
			isa = PBXVariantGroup;
			children = (
				65822C7E24CB0EF400ECC002 /* Base */,
			);
			name = LaunchScreen.storyboard;
			sourceTree = "<group>";
		};
/* End PBXVariantGroup section */

/* Begin XCBuildConfiguration section */
		65822C8124CB0EF400ECC002 /* Debug */ = {
			isa = XCBuildConfiguration;
			buildSettings = {
				ALWAYS_SEARCH_USER_PATHS = NO;
				CLANG_ANALYZER_NONNULL = YES;
				CLANG_ANALYZER_NUMBER_OBJECT_CONVERSION = YES_AGGRESSIVE;
				CLANG_CXX_LANGUAGE_STANDARD = "gnu++14";
				CLANG_CXX_LIBRARY = "libc++";
				CLANG_ENABLE_MODULES = YES;
				CLANG_ENABLE_OBJC_ARC = YES;
				CLANG_ENABLE_OBJC_WEAK = YES;
				CLANG_WARN_BLOCK_CAPTURE_AUTORELEASING = YES;
				CLANG_WARN_BOOL_CONVERSION = YES;
				CLANG_WARN_COMMA = YES;
				CLANG_WARN_CONSTANT_CONVERSION = YES;
				CLANG_WARN_DEPRECATED_OBJC_IMPLEMENTATIONS = YES;
				CLANG_WARN_DIRECT_OBJC_ISA_USAGE = YES_ERROR;
				CLANG_WARN_DOCUMENTATION_COMMENTS = YES;
				CLANG_WARN_EMPTY_BODY = YES;
				CLANG_WARN_ENUM_CONVERSION = YES;
				CLANG_WARN_INFINITE_RECURSION = YES;
				CLANG_WARN_INT_CONVERSION = YES;
				CLANG_WARN_NON_LITERAL_NULL_CONVERSION = YES;
				CLANG_WARN_OBJC_IMPLICIT_RETAIN_SELF = YES;
				CLANG_WARN_OBJC_LITERAL_CONVERSION = YES;
				CLANG_WARN_OBJC_ROOT_CLASS = YES_ERROR;
				CLANG_WARN_RANGE_LOOP_ANALYSIS = YES;
				CLANG_WARN_STRICT_PROTOTYPES = YES;
				CLANG_WARN_SUSPICIOUS_MOVE = YES;
				CLANG_WARN_UNGUARDED_AVAILABILITY = YES_AGGRESSIVE;
				CLANG_WARN_UNREACHABLE_CODE = YES;
				CLANG_WARN__DUPLICATE_METHOD_MATCH = YES;
				COPY_PHASE_STRIP = NO;
				DEBUG_INFORMATION_FORMAT = dwarf;
				ENABLE_STRICT_OBJC_MSGSEND = YES;
				ENABLE_TESTABILITY = YES;
				GCC_C_LANGUAGE_STANDARD = gnu11;
				GCC_DYNAMIC_NO_PIC = NO;
				GCC_NO_COMMON_BLOCKS = YES;
				GCC_OPTIMIZATION_LEVEL = 0;
				GCC_PREPROCESSOR_DEFINITIONS = (
					"DEBUG=1",
					"$(inherited)",
				);
				GCC_WARN_64_TO_32_BIT_CONVERSION = YES;
				GCC_WARN_ABOUT_RETURN_TYPE = YES_ERROR;
				GCC_WARN_UNDECLARED_SELECTOR = YES;
				GCC_WARN_UNINITIALIZED_AUTOS = YES_AGGRESSIVE;
				GCC_WARN_UNUSED_FUNCTION = YES;
				GCC_WARN_UNUSED_VARIABLE = YES;
				IPHONEOS_DEPLOYMENT_TARGET = 13.6;
				MTL_ENABLE_DEBUG_INFO = INCLUDE_SOURCE;
				MTL_FAST_MATH = YES;
				ONLY_ACTIVE_ARCH = YES;
				SDKROOT = iphoneos;
				SWIFT_ACTIVE_COMPILATION_CONDITIONS = DEBUG;
				SWIFT_OPTIMIZATION_LEVEL = "-Onone";
			};
			name = Debug;
		};
		65822C8224CB0EF400ECC002 /* Release */ = {
			isa = XCBuildConfiguration;
			buildSettings = {
				ALWAYS_SEARCH_USER_PATHS = NO;
				CLANG_ANALYZER_NONNULL = YES;
				CLANG_ANALYZER_NUMBER_OBJECT_CONVERSION = YES_AGGRESSIVE;
				CLANG_CXX_LANGUAGE_STANDARD = "gnu++14";
				CLANG_CXX_LIBRARY = "libc++";
				CLANG_ENABLE_MODULES = YES;
				CLANG_ENABLE_OBJC_ARC = YES;
				CLANG_ENABLE_OBJC_WEAK = YES;
				CLANG_WARN_BLOCK_CAPTURE_AUTORELEASING = YES;
				CLANG_WARN_BOOL_CONVERSION = YES;
				CLANG_WARN_COMMA = YES;
				CLANG_WARN_CONSTANT_CONVERSION = YES;
				CLANG_WARN_DEPRECATED_OBJC_IMPLEMENTATIONS = YES;
				CLANG_WARN_DIRECT_OBJC_ISA_USAGE = YES_ERROR;
				CLANG_WARN_DOCUMENTATION_COMMENTS = YES;
				CLANG_WARN_EMPTY_BODY = YES;
				CLANG_WARN_ENUM_CONVERSION = YES;
				CLANG_WARN_INFINITE_RECURSION = YES;
				CLANG_WARN_INT_CONVERSION = YES;
				CLANG_WARN_NON_LITERAL_NULL_CONVERSION = YES;
				CLANG_WARN_OBJC_IMPLICIT_RETAIN_SELF = YES;
				CLANG_WARN_OBJC_LITERAL_CONVERSION = YES;
				CLANG_WARN_OBJC_ROOT_CLASS = YES_ERROR;
				CLANG_WARN_RANGE_LOOP_ANALYSIS = YES;
				CLANG_WARN_STRICT_PROTOTYPES = YES;
				CLANG_WARN_SUSPICIOUS_MOVE = YES;
				CLANG_WARN_UNGUARDED_AVAILABILITY = YES_AGGRESSIVE;
				CLANG_WARN_UNREACHABLE_CODE = YES;
				CLANG_WARN__DUPLICATE_METHOD_MATCH = YES;
				COPY_PHASE_STRIP = NO;
				DEBUG_INFORMATION_FORMAT = "dwarf-with-dsym";
				ENABLE_NS_ASSERTIONS = NO;
				ENABLE_STRICT_OBJC_MSGSEND = YES;
				GCC_C_LANGUAGE_STANDARD = gnu11;
				GCC_NO_COMMON_BLOCKS = YES;
				GCC_WARN_64_TO_32_BIT_CONVERSION = YES;
				GCC_WARN_ABOUT_RETURN_TYPE = YES_ERROR;
				GCC_WARN_UNDECLARED_SELECTOR = YES;
				GCC_WARN_UNINITIALIZED_AUTOS = YES_AGGRESSIVE;
				GCC_WARN_UNUSED_FUNCTION = YES;
				GCC_WARN_UNUSED_VARIABLE = YES;
				IPHONEOS_DEPLOYMENT_TARGET = 13.6;
				MTL_ENABLE_DEBUG_INFO = NO;
				MTL_FAST_MATH = YES;
				SDKROOT = iphoneos;
				SWIFT_COMPILATION_MODE = wholemodule;
				SWIFT_OPTIMIZATION_LEVEL = "-O";
				VALIDATE_PRODUCT = YES;
			};
			name = Release;
		};
		65822C8424CB0EF400ECC002 /* Debug */ = {
			isa = XCBuildConfiguration;
			buildSettings = {
				ASSETCATALOG_COMPILER_APPICON_NAME = AppIcon;
				CODE_SIGN_STYLE = Automatic;
				DEVELOPMENT_TEAM = ANFCL46LUP;
				INFOPLIST_FILE = RPS/Info.plist;
				IPHONEOS_DEPLOYMENT_TARGET = 13.5;
				LD_RUNPATH_SEARCH_PATHS = (
					"$(inherited)",
					"@executable_path/Frameworks",
				);
				PRODUCT_BUNDLE_IDENTIFIER = com.Besttz.RPS;
				PRODUCT_NAME = "$(TARGET_NAME)";
				SWIFT_VERSION = 5.0;
				TARGETED_DEVICE_FAMILY = "1,2";
			};
			name = Debug;
		};
		65822C8524CB0EF400ECC002 /* Release */ = {
			isa = XCBuildConfiguration;
			buildSettings = {
				ASSETCATALOG_COMPILER_APPICON_NAME = AppIcon;
				CODE_SIGN_STYLE = Automatic;
				DEVELOPMENT_TEAM = ANFCL46LUP;
				INFOPLIST_FILE = RPS/Info.plist;
				IPHONEOS_DEPLOYMENT_TARGET = 13.5;
				LD_RUNPATH_SEARCH_PATHS = (
					"$(inherited)",
					"@executable_path/Frameworks",
				);
				PRODUCT_BUNDLE_IDENTIFIER = com.Besttz.RPS;
				PRODUCT_NAME = "$(TARGET_NAME)";
				SWIFT_VERSION = 5.0;
				TARGETED_DEVICE_FAMILY = "1,2";
			};
			name = Release;
		};
/* End XCBuildConfiguration section */

/* Begin XCConfigurationList section */
		65822C6A24CB0EF100ECC002 /* Build configuration list for PBXProject "RPS" */ = {
			isa = XCConfigurationList;
			buildConfigurations = (
				65822C8124CB0EF400ECC002 /* Debug */,
				65822C8224CB0EF400ECC002 /* Release */,
			);
			defaultConfigurationIsVisible = 0;
			defaultConfigurationName = Release;
		};
		65822C8324CB0EF400ECC002 /* Build configuration list for PBXNativeTarget "RPS" */ = {
			isa = XCConfigurationList;
			buildConfigurations = (
				65822C8424CB0EF400ECC002 /* Debug */,
				65822C8524CB0EF400ECC002 /* Release */,
			);
			defaultConfigurationIsVisible = 0;
			defaultConfigurationName = Release;
		};
/* End XCConfigurationList section */
	};
	rootObject = 65822C6724CB0EF100ECC002 /* Project object */;
}
