// !$*UTF8*$!
{
	archiveVersion = 1;
	classes = {
	};
	objectVersion = 51;
	objects = {

/* Begin PBXBuildFile section */
		3B4609F4516AD964AFC3D3AC /* Pods_Journal.framework in Frameworks */ = {isa = PBXBuildFile; fileRef = 1C6CAA431BBF17309AE9748C /* Pods_Journal.framework */; };
		6537580A24E1668D004929C4 /* NoteModel.swift in Sources */ = {isa = PBXBuildFile; fileRef = 6537580924E1668D004929C4 /* NoteModel.swift */; };
		65BBEA2424E0132100DF3965 /* AppDelegate.swift in Sources */ = {isa = PBXBuildFile; fileRef = 65BBEA2324E0132100DF3965 /* AppDelegate.swift */; };
		65BBEA2624E0132100DF3965 /* SceneDelegate.swift in Sources */ = {isa = PBXBuildFile; fileRef = 65BBEA2524E0132100DF3965 /* SceneDelegate.swift */; };
		65BBEA2B24E0132100DF3965 /* Main.storyboard in Resources */ = {isa = PBXBuildFile; fileRef = 65BBEA2924E0132100DF3965 /* Main.storyboard */; };
		65BBEA2D24E0132300DF3965 /* Assets.xcassets in Resources */ = {isa = PBXBuildFile; fileRef = 65BBEA2C24E0132300DF3965 /* Assets.xcassets */; };
		65BBEA3024E0132300DF3965 /* LaunchScreen.storyboard in Resources */ = {isa = PBXBuildFile; fileRef = 65BBEA2E24E0132300DF3965 /* LaunchScreen.storyboard */; };
		65BBEA3824E017B000DF3965 /* GoogleService-Info.plist in Resources */ = {isa = PBXBuildFile; fileRef = 65BBEA3724E017B000DF3965 /* GoogleService-Info.plist */; };
		65BBEA3D24E018AC00DF3965 /* NoteViewController.swift in Sources */ = {isa = PBXBuildFile; fileRef = 65BBEA3C24E018AC00DF3965 /* NoteViewController.swift */; };
		65BBEA3E24E01C3C00DF3965 /* ViewController.swift in Sources */ = {isa = PBXBuildFile; fileRef = 65BBEA2724E0132100DF3965 /* ViewController.swift */; };
		65BBEA4024E01D6800DF3965 /* Note.swift in Sources */ = {isa = PBXBuildFile; fileRef = 65BBEA3F24E01D6800DF3965 /* Note.swift */; };
/* End PBXBuildFile section */

/* Begin PBXFileReference section */
		1C6CAA431BBF17309AE9748C /* Pods_Journal.framework */ = {isa = PBXFileReference; explicitFileType = wrapper.framework; includeInIndex = 0; path = Pods_Journal.framework; sourceTree = BUILT_PRODUCTS_DIR; };
		6537580924E1668D004929C4 /* NoteModel.swift */ = {isa = PBXFileReference; lastKnownFileType = sourcecode.swift; path = NoteModel.swift; sourceTree = "<group>"; };
		65BBEA2024E0132100DF3965 /* Journal.app */ = {isa = PBXFileReference; explicitFileType = wrapper.application; includeInIndex = 0; path = Journal.app; sourceTree = BUILT_PRODUCTS_DIR; };
		65BBEA2324E0132100DF3965 /* AppDelegate.swift */ = {isa = PBXFileReference; lastKnownFileType = sourcecode.swift; path = AppDelegate.swift; sourceTree = "<group>"; };
		65BBEA2524E0132100DF3965 /* SceneDelegate.swift */ = {isa = PBXFileReference; lastKnownFileType = sourcecode.swift; path = SceneDelegate.swift; sourceTree = "<group>"; };
		65BBEA2724E0132100DF3965 /* ViewController.swift */ = {isa = PBXFileReference; lastKnownFileType = sourcecode.swift; path = ViewController.swift; sourceTree = "<group>"; };
		65BBEA2A24E0132100DF3965 /* Base */ = {isa = PBXFileReference; lastKnownFileType = file.storyboard; name = Base; path = Base.lproj/Main.storyboard; sourceTree = "<group>"; };
		65BBEA2C24E0132300DF3965 /* Assets.xcassets */ = {isa = PBXFileReference; lastKnownFileType = folder.assetcatalog; path = Assets.xcassets; sourceTree = "<group>"; };
		65BBEA2F24E0132300DF3965 /* Base */ = {isa = PBXFileReference; lastKnownFileType = file.storyboard; name = Base; path = Base.lproj/LaunchScreen.storyboard; sourceTree = "<group>"; };
		65BBEA3124E0132300DF3965 /* Info.plist */ = {isa = PBXFileReference; lastKnownFileType = text.plist.xml; path = Info.plist; sourceTree = "<group>"; };
		65BBEA3724E017B000DF3965 /* GoogleService-Info.plist */ = {isa = PBXFileReference; fileEncoding = 4; lastKnownFileType = text.plist.xml; name = "GoogleService-Info.plist"; path = "../../../../../Downloads/GoogleService-Info.plist"; sourceTree = "<group>"; };
		65BBEA3C24E018AC00DF3965 /* NoteViewController.swift */ = {isa = PBXFileReference; lastKnownFileType = sourcecode.swift; path = NoteViewController.swift; sourceTree = "<group>"; };
		65BBEA3F24E01D6800DF3965 /* Note.swift */ = {isa = PBXFileReference; lastKnownFileType = sourcecode.swift; path = Note.swift; sourceTree = "<group>"; };
		973F0DF66A1974BFE7D42D42 /* Pods-Journal.release.xcconfig */ = {isa = PBXFileReference; includeInIndex = 1; lastKnownFileType = text.xcconfig; name = "Pods-Journal.release.xcconfig"; path = "Target Support Files/Pods-Journal/Pods-Journal.release.xcconfig"; sourceTree = "<group>"; };
		F0B6CBD31F49DF338F126B25 /* Pods-Journal.debug.xcconfig */ = {isa = PBXFileReference; includeInIndex = 1; lastKnownFileType = text.xcconfig; name = "Pods-Journal.debug.xcconfig"; path = "Target Support Files/Pods-Journal/Pods-Journal.debug.xcconfig"; sourceTree = "<group>"; };
/* End PBXFileReference section */

/* Begin PBXFrameworksBuildPhase section */
		65BBEA1D24E0132100DF3965 /* Frameworks */ = {
			isa = PBXFrameworksBuildPhase;
			buildActionMask = 2147483647;
			files = (
				3B4609F4516AD964AFC3D3AC /* Pods_Journal.framework in Frameworks */,
			);
			runOnlyForDeploymentPostprocessing = 0;
		};
/* End PBXFrameworksBuildPhase section */

/* Begin PBXGroup section */
		6537583C24E4400A004929C4 /* Storyboard */ = {
			isa = PBXGroup;
			children = (
				65BBEA2924E0132100DF3965 /* Main.storyboard */,
				65BBEA2E24E0132300DF3965 /* LaunchScreen.storyboard */,
			);
			path = Storyboard;
			sourceTree = "<group>";
		};
		65BBEA1724E0132100DF3965 = {
			isa = PBXGroup;
			children = (
				65BBEA2224E0132100DF3965 /* Journal */,
				65BBEA2124E0132100DF3965 /* Products */,
				84171837ED89C0A06DA96701 /* Pods */,
				C93D535D200BD5CAEFC299AF /* Frameworks */,
			);
			sourceTree = "<group>";
		};
		65BBEA2124E0132100DF3965 /* Products */ = {
			isa = PBXGroup;
			children = (
				65BBEA2024E0132100DF3965 /* Journal.app */,
			);
			name = Products;
			sourceTree = "<group>";
		};
		65BBEA2224E0132100DF3965 /* Journal */ = {
			isa = PBXGroup;
			children = (
				65BBEA2324E0132100DF3965 /* AppDelegate.swift */,
				65BBEA2524E0132100DF3965 /* SceneDelegate.swift */,
				65BBEA3B24E0189200DF3965 /* Model */,
				65BBEA3924E0187D00DF3965 /* View */,
				6537583C24E4400A004929C4 /* Storyboard */,
				65BBEA2C24E0132300DF3965 /* Assets.xcassets */,
				65BBEA3124E0132300DF3965 /* Info.plist */,
				65BBEA3724E017B000DF3965 /* GoogleService-Info.plist */,
			);
			path = Journal;
			sourceTree = "<group>";
		};
		65BBEA3924E0187D00DF3965 /* View */ = {
			isa = PBXGroup;
			children = (
				65BBEA2724E0132100DF3965 /* ViewController.swift */,
				65BBEA3C24E018AC00DF3965 /* NoteViewController.swift */,
			);
			path = View;
			sourceTree = "<group>";
		};
		65BBEA3B24E0189200DF3965 /* Model */ = {
			isa = PBXGroup;
			children = (
				65BBEA3F24E01D6800DF3965 /* Note.swift */,
				6537580924E1668D004929C4 /* NoteModel.swift */,
			);
			path = Model;
			sourceTree = "<group>";
		};
		84171837ED89C0A06DA96701 /* Pods */ = {
			isa = PBXGroup;
			children = (
				F0B6CBD31F49DF338F126B25 /* Pods-Journal.debug.xcconfig */,
				973F0DF66A1974BFE7D42D42 /* Pods-Journal.release.xcconfig */,
			);
			path = Pods;
			sourceTree = "<group>";
		};
		C93D535D200BD5CAEFC299AF /* Frameworks */ = {
			isa = PBXGroup;
			children = (
				1C6CAA431BBF17309AE9748C /* Pods_Journal.framework */,
			);
			name = Frameworks;
			sourceTree = "<group>";
		};
/* End PBXGroup section */

/* Begin PBXNativeTarget section */
		65BBEA1F24E0132100DF3965 /* Journal */ = {
			isa = PBXNativeTarget;
			buildConfigurationList = 65BBEA3424E0132300DF3965 /* Build configuration list for PBXNativeTarget "Journal" */;
			buildPhases = (
				6BC553D090645A361535CC60 /* [CP] Check Pods Manifest.lock */,
				65BBEA1C24E0132100DF3965 /* Sources */,
				65BBEA1D24E0132100DF3965 /* Frameworks */,
				65BBEA1E24E0132100DF3965 /* Resources */,
				587466169E5E0A9C2F9831F6 /* [CP] Embed Pods Frameworks */,
			);
			buildRules = (
			);
			dependencies = (
			);
			name = Journal;
			productName = Journal;
			productReference = 65BBEA2024E0132100DF3965 /* Journal.app */;
			productType = "com.apple.product-type.application";
		};
/* End PBXNativeTarget section */

/* Begin PBXProject section */
		65BBEA1824E0132100DF3965 /* Project object */ = {
			isa = PBXProject;
			attributes = {
				LastSwiftUpdateCheck = 1160;
				LastUpgradeCheck = 1160;
				ORGANIZATIONNAME = "Tommy Zhang";
				TargetAttributes = {
					65BBEA1F24E0132100DF3965 = {
						CreatedOnToolsVersion = 11.6;
					};
				};
			};
			buildConfigurationList = 65BBEA1B24E0132100DF3965 /* Build configuration list for PBXProject "Journal" */;
			compatibilityVersion = "Xcode 9.3";
			developmentRegion = en;
			hasScannedForEncodings = 0;
			knownRegions = (
				en,
				Base,
			);
			mainGroup = 65BBEA1724E0132100DF3965;
			productRefGroup = 65BBEA2124E0132100DF3965 /* Products */;
			projectDirPath = "";
			projectRoot = "";
			targets = (
				65BBEA1F24E0132100DF3965 /* Journal */,
			);
		};
/* End PBXProject section */

/* Begin PBXResourcesBuildPhase section */
		65BBEA1E24E0132100DF3965 /* Resources */ = {
			isa = PBXResourcesBuildPhase;
			buildActionMask = 2147483647;
			files = (
				65BBEA3024E0132300DF3965 /* LaunchScreen.storyboard in Resources */,
				65BBEA3824E017B000DF3965 /* GoogleService-Info.plist in Resources */,
				65BBEA2D24E0132300DF3965 /* Assets.xcassets in Resources */,
				65BBEA2B24E0132100DF3965 /* Main.storyboard in Resources */,
			);
			runOnlyForDeploymentPostprocessing = 0;
		};
/* End PBXResourcesBuildPhase section */

/* Begin PBXShellScriptBuildPhase section */
		587466169E5E0A9C2F9831F6 /* [CP] Embed Pods Frameworks */ = {
			isa = PBXShellScriptBuildPhase;
			buildActionMask = 2147483647;
			files = (
			);
			inputFileListPaths = (
				"${PODS_ROOT}/Target Support Files/Pods-Journal/Pods-Journal-frameworks-${CONFIGURATION}-input-files.xcfilelist",
			);
			name = "[CP] Embed Pods Frameworks";
			outputFileListPaths = (
				"${PODS_ROOT}/Target Support Files/Pods-Journal/Pods-Journal-frameworks-${CONFIGURATION}-output-files.xcfilelist",
			);
			runOnlyForDeploymentPostprocessing = 0;
			shellPath = /bin/sh;
			shellScript = "\"${PODS_ROOT}/Target Support Files/Pods-Journal/Pods-Journal-frameworks.sh\"\n";
			showEnvVarsInLog = 0;
		};
		6BC553D090645A361535CC60 /* [CP] Check Pods Manifest.lock */ = {
			isa = PBXShellScriptBuildPhase;
			buildActionMask = 2147483647;
			files = (
			);
			inputFileListPaths = (
			);
			inputPaths = (
				"${PODS_PODFILE_DIR_PATH}/Podfile.lock",
				"${PODS_ROOT}/Manifest.lock",
			);
			name = "[CP] Check Pods Manifest.lock";
			outputFileListPaths = (
			);
			outputPaths = (
				"$(DERIVED_FILE_DIR)/Pods-Journal-checkManifestLockResult.txt",
			);
			runOnlyForDeploymentPostprocessing = 0;
			shellPath = /bin/sh;
			shellScript = "diff \"${PODS_PODFILE_DIR_PATH}/Podfile.lock\" \"${PODS_ROOT}/Manifest.lock\" > /dev/null\nif [ $? != 0 ] ; then\n    # print error to STDERR\n    echo \"error: The sandbox is not in sync with the Podfile.lock. Run 'pod install' or update your CocoaPods installation.\" >&2\n    exit 1\nfi\n# This output is used by Xcode 'outputs' to avoid re-running this script phase.\necho \"SUCCESS\" > \"${SCRIPT_OUTPUT_FILE_0}\"\n";
			showEnvVarsInLog = 0;
		};
/* End PBXShellScriptBuildPhase section */

/* Begin PBXSourcesBuildPhase section */
		65BBEA1C24E0132100DF3965 /* Sources */ = {
			isa = PBXSourcesBuildPhase;
			buildActionMask = 2147483647;
			files = (
				65BBEA4024E01D6800DF3965 /* Note.swift in Sources */,
				6537580A24E1668D004929C4 /* NoteModel.swift in Sources */,
				65BBEA3D24E018AC00DF3965 /* NoteViewController.swift in Sources */,
				65BBEA2424E0132100DF3965 /* AppDelegate.swift in Sources */,
				65BBEA3E24E01C3C00DF3965 /* ViewController.swift in Sources */,
				65BBEA2624E0132100DF3965 /* SceneDelegate.swift in Sources */,
			);
			runOnlyForDeploymentPostprocessing = 0;
		};
/* End PBXSourcesBuildPhase section */

/* Begin PBXVariantGroup section */
		65BBEA2924E0132100DF3965 /* Main.storyboard */ = {
			isa = PBXVariantGroup;
			children = (
				65BBEA2A24E0132100DF3965 /* Base */,
			);
			name = Main.storyboard;
			sourceTree = "<group>";
		};
		65BBEA2E24E0132300DF3965 /* LaunchScreen.storyboard */ = {
			isa = PBXVariantGroup;
			children = (
				65BBEA2F24E0132300DF3965 /* Base */,
			);
			name = LaunchScreen.storyboard;
			sourceTree = "<group>";
		};
/* End PBXVariantGroup section */

/* Begin XCBuildConfiguration section */
		65BBEA3224E0132300DF3965 /* Debug */ = {
			isa = XCBuildConfiguration;
			buildSettings = {
				ALWAYS_SEARCH_USER_PATHS = NO;
				CLANG_ANALYZER_NONNULL = YES;
				CLANG_ANALYZER_NUMBER_OBJECT_CONVERSION = YES_AGGRESSIVE;
				CLANG_CXX_LANGUAGE_STANDARD = "gnu++14";
				CLANG_CXX_LIBRARY = "libc++";
				CLANG_ENABLE_MODULES = YES;
				CLANG_ENABLE_OBJC_ARC = YES;
				CLANG_ENABLE_OBJC_WEAK = YES;
				CLANG_WARN_BLOCK_CAPTURE_AUTORELEASING = YES;
				CLANG_WARN_BOOL_CONVERSION = YES;
				CLANG_WARN_COMMA = YES;
				CLANG_WARN_CONSTANT_CONVERSION = YES;
				CLANG_WARN_DEPRECATED_OBJC_IMPLEMENTATIONS = YES;
				CLANG_WARN_DIRECT_OBJC_ISA_USAGE = YES_ERROR;
				CLANG_WARN_DOCUMENTATION_COMMENTS = YES;
				CLANG_WARN_EMPTY_BODY = YES;
				CLANG_WARN_ENUM_CONVERSION = YES;
				CLANG_WARN_INFINITE_RECURSION = YES;
				CLANG_WARN_INT_CONVERSION = YES;
				CLANG_WARN_NON_LITERAL_NULL_CONVERSION = YES;
				CLANG_WARN_OBJC_IMPLICIT_RETAIN_SELF = YES;
				CLANG_WARN_OBJC_LITERAL_CONVERSION = YES;
				CLANG_WARN_OBJC_ROOT_CLASS = YES_ERROR;
				CLANG_WARN_RANGE_LOOP_ANALYSIS = YES;
				CLANG_WARN_STRICT_PROTOTYPES = YES;
				CLANG_WARN_SUSPICIOUS_MOVE = YES;
				CLANG_WARN_UNGUARDED_AVAILABILITY = YES_AGGRESSIVE;
				CLANG_WARN_UNREACHABLE_CODE = YES;
				CLANG_WARN__DUPLICATE_METHOD_MATCH = YES;
				COPY_PHASE_STRIP = NO;
				DEBUG_INFORMATION_FORMAT = dwarf;
				ENABLE_STRICT_OBJC_MSGSEND = YES;
				ENABLE_TESTABILITY = YES;
				GCC_C_LANGUAGE_STANDARD = gnu11;
				GCC_DYNAMIC_NO_PIC = NO;
				GCC_NO_COMMON_BLOCKS = YES;
				GCC_OPTIMIZATION_LEVEL = 0;
				GCC_PREPROCESSOR_DEFINITIONS = (
					"DEBUG=1",
					"$(inherited)",
				);
				GCC_WARN_64_TO_32_BIT_CONVERSION = YES;
				GCC_WARN_ABOUT_RETURN_TYPE = YES_ERROR;
				GCC_WARN_UNDECLARED_SELECTOR = YES;
				GCC_WARN_UNINITIALIZED_AUTOS = YES_AGGRESSIVE;
				GCC_WARN_UNUSED_FUNCTION = YES;
				GCC_WARN_UNUSED_VARIABLE = YES;
				IPHONEOS_DEPLOYMENT_TARGET = 13.0;
				MTL_ENABLE_DEBUG_INFO = INCLUDE_SOURCE;
				MTL_FAST_MATH = YES;
				ONLY_ACTIVE_ARCH = YES;
				SDKROOT = iphoneos;
				SWIFT_ACTIVE_COMPILATION_CONDITIONS = DEBUG;
				SWIFT_OPTIMIZATION_LEVEL = "-Onone";
			};
			name = Debug;
		};
		65BBEA3324E0132300DF3965 /* Release */ = {
			isa = XCBuildConfiguration;
			buildSettings = {
				ALWAYS_SEARCH_USER_PATHS = NO;
				CLANG_ANALYZER_NONNULL = YES;
				CLANG_ANALYZER_NUMBER_OBJECT_CONVERSION = YES_AGGRESSIVE;
				CLANG_CXX_LANGUAGE_STANDARD = "gnu++14";
				CLANG_CXX_LIBRARY = "libc++";
				CLANG_ENABLE_MODULES = YES;
				CLANG_ENABLE_OBJC_ARC = YES;
				CLANG_ENABLE_OBJC_WEAK = YES;
				CLANG_WARN_BLOCK_CAPTURE_AUTORELEASING = YES;
				CLANG_WARN_BOOL_CONVERSION = YES;
				CLANG_WARN_COMMA = YES;
				CLANG_WARN_CONSTANT_CONVERSION = YES;
				CLANG_WARN_DEPRECATED_OBJC_IMPLEMENTATIONS = YES;
				CLANG_WARN_DIRECT_OBJC_ISA_USAGE = YES_ERROR;
				CLANG_WARN_DOCUMENTATION_COMMENTS = YES;
				CLANG_WARN_EMPTY_BODY = YES;
				CLANG_WARN_ENUM_CONVERSION = YES;
				CLANG_WARN_INFINITE_RECURSION = YES;
				CLANG_WARN_INT_CONVERSION = YES;
				CLANG_WARN_NON_LITERAL_NULL_CONVERSION = YES;
				CLANG_WARN_OBJC_IMPLICIT_RETAIN_SELF = YES;
				CLANG_WARN_OBJC_LITERAL_CONVERSION = YES;
				CLANG_WARN_OBJC_ROOT_CLASS = YES_ERROR;
				CLANG_WARN_RANGE_LOOP_ANALYSIS = YES;
				CLANG_WARN_STRICT_PROTOTYPES = YES;
				CLANG_WARN_SUSPICIOUS_MOVE = YES;
				CLANG_WARN_UNGUARDED_AVAILABILITY = YES_AGGRESSIVE;
				CLANG_WARN_UNREACHABLE_CODE = YES;
				CLANG_WARN__DUPLICATE_METHOD_MATCH = YES;
				COPY_PHASE_STRIP = NO;
				DEBUG_INFORMATION_FORMAT = "dwarf-with-dsym";
				ENABLE_NS_ASSERTIONS = NO;
				ENABLE_STRICT_OBJC_MSGSEND = YES;
				GCC_C_LANGUAGE_STANDARD = gnu11;
				GCC_NO_COMMON_BLOCKS = YES;
				GCC_WARN_64_TO_32_BIT_CONVERSION = YES;
				GCC_WARN_ABOUT_RETURN_TYPE = YES_ERROR;
				GCC_WARN_UNDECLARED_SELECTOR = YES;
				GCC_WARN_UNINITIALIZED_AUTOS = YES_AGGRESSIVE;
				GCC_WARN_UNUSED_FUNCTION = YES;
				GCC_WARN_UNUSED_VARIABLE = YES;
				IPHONEOS_DEPLOYMENT_TARGET = 13.0;
				MTL_ENABLE_DEBUG_INFO = NO;
				MTL_FAST_MATH = YES;
				SDKROOT = iphoneos;
				SWIFT_COMPILATION_MODE = wholemodule;
				SWIFT_OPTIMIZATION_LEVEL = "-O";
				VALIDATE_PRODUCT = YES;
			};
			name = Release;
		};
		65BBEA3524E0132300DF3965 /* Debug */ = {
			isa = XCBuildConfiguration;
			baseConfigurationReference = F0B6CBD31F49DF338F126B25 /* Pods-Journal.debug.xcconfig */;
			buildSettings = {
				ASSETCATALOG_COMPILER_APPICON_NAME = AppIcon;
				CODE_SIGN_STYLE = Automatic;
				DEVELOPMENT_TEAM = ANFCL46LUP;
				INFOPLIST_FILE = Journal/Info.plist;
				IPHONEOS_DEPLOYMENT_TARGET = 13.0;
				LD_RUNPATH_SEARCH_PATHS = (
					"$(inherited)",
					"@executable_path/Frameworks",
				);
				PRODUCT_BUNDLE_IDENTIFIER = com.Besttz.Journal;
				PRODUCT_NAME = "$(TARGET_NAME)";
				SWIFT_VERSION = 5.0;
				TARGETED_DEVICE_FAMILY = "1,2";
			};
			name = Debug;
		};
		65BBEA3624E0132300DF3965 /* Release */ = {
			isa = XCBuildConfiguration;
			baseConfigurationReference = 973F0DF66A1974BFE7D42D42 /* Pods-Journal.release.xcconfig */;
			buildSettings = {
				ASSETCATALOG_COMPILER_APPICON_NAME = AppIcon;
				CODE_SIGN_STYLE = Automatic;
				DEVELOPMENT_TEAM = ANFCL46LUP;
				INFOPLIST_FILE = Journal/Info.plist;
				IPHONEOS_DEPLOYMENT_TARGET = 13.0;
				LD_RUNPATH_SEARCH_PATHS = (
					"$(inherited)",
					"@executable_path/Frameworks",
				);
				PRODUCT_BUNDLE_IDENTIFIER = com.Besttz.Journal;
				PRODUCT_NAME = "$(TARGET_NAME)";
				SWIFT_VERSION = 5.0;
				TARGETED_DEVICE_FAMILY = "1,2";
			};
			name = Release;
		};
/* End XCBuildConfiguration section */

/* Begin XCConfigurationList section */
		65BBEA1B24E0132100DF3965 /* Build configuration list for PBXProject "Journal" */ = {
			isa = XCConfigurationList;
			buildConfigurations = (
				65BBEA3224E0132300DF3965 /* Debug */,
				65BBEA3324E0132300DF3965 /* Release */,
			);
			defaultConfigurationIsVisible = 0;
			defaultConfigurationName = Release;
		};
		65BBEA3424E0132300DF3965 /* Build configuration list for PBXNativeTarget "Journal" */ = {
			isa = XCConfigurationList;
			buildConfigurations = (
				65BBEA3524E0132300DF3965 /* Debug */,
				65BBEA3624E0132300DF3965 /* Release */,
			);
			defaultConfigurationIsVisible = 0;
			defaultConfigurationName = Release;
		};
/* End XCConfigurationList section */
	};
	rootObject = 65BBEA1824E0132100DF3965 /* Project object */;
}
