// !$*UTF8*$!
{
	archiveVersion = 1;
	classes = {
	};
	objectVersion = 50;
	objects = {

/* Begin PBXBuildFile section */
		653A26F124A77EF20000132A /* AppDelegate.swift in Sources */ = {isa = PBXBuildFile; fileRef = 653A26F024A77EF20000132A /* AppDelegate.swift */; };
		653A26F324A77EF20000132A /* SceneDelegate.swift in Sources */ = {isa = PBXBuildFile; fileRef = 653A26F224A77EF20000132A /* SceneDelegate.swift */; };
		653A26F524A77EF20000132A /* ContentView.swift in Sources */ = {isa = PBXBuildFile; fileRef = 653A26F424A77EF20000132A /* ContentView.swift */; };
		653A26F724A77EF30000132A /* Assets.xcassets in Resources */ = {isa = PBXBuildFile; fileRef = 653A26F624A77EF30000132A /* Assets.xcassets */; };
		653A26FA24A77EF30000132A /* Preview Assets.xcassets in Resources */ = {isa = PBXBuildFile; fileRef = 653A26F924A77EF30000132A /* Preview Assets.xcassets */; };
		653A26FD24A77EF30000132A /* LaunchScreen.storyboard in Resources */ = {isa = PBXBuildFile; fileRef = 653A26FB24A77EF30000132A /* LaunchScreen.storyboard */; };
/* End PBXBuildFile section */

/* Begin PBXFileReference section */
		653A26ED24A77EF20000132A /* SwiftUiTutorial.app */ = {isa = PBXFileReference; explicitFileType = wrapper.application; includeInIndex = 0; path = SwiftUiTutorial.app; sourceTree = BUILT_PRODUCTS_DIR; };
		653A26F024A77EF20000132A /* AppDelegate.swift */ = {isa = PBXFileReference; lastKnownFileType = sourcecode.swift; path = AppDelegate.swift; sourceTree = "<group>"; };
		653A26F224A77EF20000132A /* SceneDelegate.swift */ = {isa = PBXFileReference; lastKnownFileType = sourcecode.swift; path = SceneDelegate.swift; sourceTree = "<group>"; };
		653A26F424A77EF20000132A /* ContentView.swift */ = {isa = PBXFileReference; lastKnownFileType = sourcecode.swift; path = ContentView.swift; sourceTree = "<group>"; };
		653A26F624A77EF30000132A /* Assets.xcassets */ = {isa = PBXFileReference; lastKnownFileType = folder.assetcatalog; path = Assets.xcassets; sourceTree = "<group>"; };
		653A26F924A77EF30000132A /* Preview Assets.xcassets */ = {isa = PBXFileReference; lastKnownFileType = folder.assetcatalog; path = "Preview Assets.xcassets"; sourceTree = "<group>"; };
		653A26FC24A77EF30000132A /* Base */ = {isa = PBXFileReference; lastKnownFileType = file.storyboard; name = Base; path = Base.lproj/LaunchScreen.storyboard; sourceTree = "<group>"; };
		653A26FE24A77EF30000132A /* Info.plist */ = {isa = PBXFileReference; lastKnownFileType = text.plist.xml; path = Info.plist; sourceTree = "<group>"; };
/* End PBXFileReference section */

/* Begin PBXFrameworksBuildPhase section */
		653A26EA24A77EF20000132A /* Frameworks */ = {
			isa = PBXFrameworksBuildPhase;
			buildActionMask = 2147483647;
			files = (
			);
			runOnlyForDeploymentPostprocessing = 0;
		};
/* End PBXFrameworksBuildPhase section */

/* Begin PBXGroup section */
		653A26E424A77EF20000132A = {
			isa = PBXGroup;
			children = (
				653A26EF24A77EF20000132A /* SwiftUiTutorial */,
				653A26EE24A77EF20000132A /* Products */,
			);
			sourceTree = "<group>";
		};
		653A26EE24A77EF20000132A /* Products */ = {
			isa = PBXGroup;
			children = (
				653A26ED24A77EF20000132A /* SwiftUiTutorial.app */,
			);
			name = Products;
			sourceTree = "<group>";
		};
		653A26EF24A77EF20000132A /* SwiftUiTutorial */ = {
			isa = PBXGroup;
			children = (
				653A26F024A77EF20000132A /* AppDelegate.swift */,
				653A26F224A77EF20000132A /* SceneDelegate.swift */,
				653A26F424A77EF20000132A /* ContentView.swift */,
				653A26F624A77EF30000132A /* Assets.xcassets */,
				653A26FB24A77EF30000132A /* LaunchScreen.storyboard */,
				653A26FE24A77EF30000132A /* Info.plist */,
				653A26F824A77EF30000132A /* Preview Content */,
			);
			path = SwiftUiTutorial;
			sourceTree = "<group>";
		};
		653A26F824A77EF30000132A /* Preview Content */ = {
			isa = PBXGroup;
			children = (
				653A26F924A77EF30000132A /* Preview Assets.xcassets */,
			);
			path = "Preview Content";
			sourceTree = "<group>";
		};
/* End PBXGroup section */

/* Begin PBXNativeTarget section */
		653A26EC24A77EF20000132A /* SwiftUiTutorial */ = {
			isa = PBXNativeTarget;
			buildConfigurationList = 653A270124A77EF30000132A /* Build configuration list for PBXNativeTarget "SwiftUiTutorial" */;
			buildPhases = (
				653A26E924A77EF20000132A /* Sources */,
				653A26EA24A77EF20000132A /* Frameworks */,
				653A26EB24A77EF20000132A /* Resources */,
			);
			buildRules = (
			);
			dependencies = (
			);
			name = SwiftUiTutorial;
			productName = SwiftUiTutorial;
			productReference = 653A26ED24A77EF20000132A /* SwiftUiTutorial.app */;
			productType = "com.apple.product-type.application";
		};
/* End PBXNativeTarget section */

/* Begin PBXProject section */
		653A26E524A77EF20000132A /* Project object */ = {
			isa = PBXProject;
			attributes = {
				LastSwiftUpdateCheck = 1150;
				LastUpgradeCheck = 1150;
				ORGANIZATIONNAME = "Tommy Zhang";
				TargetAttributes = {
					653A26EC24A77EF20000132A = {
						CreatedOnToolsVersion = 11.5;
					};
				};
			};
			buildConfigurationList = 653A26E824A77EF20000132A /* Build configuration list for PBXProject "SwiftUiTutorial" */;
			compatibilityVersion = "Xcode 9.3";
			developmentRegion = en;
			hasScannedForEncodings = 0;
			knownRegions = (
				en,
				Base,
			);
			mainGroup = 653A26E424A77EF20000132A;
			productRefGroup = 653A26EE24A77EF20000132A /* Products */;
			projectDirPath = "";
			projectRoot = "";
			targets = (
				653A26EC24A77EF20000132A /* SwiftUiTutorial */,
			);
		};
/* End PBXProject section */

/* Begin PBXResourcesBuildPhase section */
		653A26EB24A77EF20000132A /* Resources */ = {
			isa = PBXResourcesBuildPhase;
			buildActionMask = 2147483647;
			files = (
				653A26FD24A77EF30000132A /* LaunchScreen.storyboard in Resources */,
				653A26FA24A77EF30000132A /* Preview Assets.xcassets in Resources */,
				653A26F724A77EF30000132A /* Assets.xcassets in Resources */,
			);
			runOnlyForDeploymentPostprocessing = 0;
		};
/* End PBXResourcesBuildPhase section */

/* Begin PBXSourcesBuildPhase section */
		653A26E924A77EF20000132A /* Sources */ = {
			isa = PBXSourcesBuildPhase;
			buildActionMask = 2147483647;
			files = (
				653A26F124A77EF20000132A /* AppDelegate.swift in Sources */,
				653A26F324A77EF20000132A /* SceneDelegate.swift in Sources */,
				653A26F524A77EF20000132A /* ContentView.swift in Sources */,
			);
			runOnlyForDeploymentPostprocessing = 0;
		};
/* End PBXSourcesBuildPhase section */

/* Begin PBXVariantGroup section */
		653A26FB24A77EF30000132A /* LaunchScreen.storyboard */ = {
			isa = PBXVariantGroup;
			children = (
				653A26FC24A77EF30000132A /* Base */,
			);
			name = LaunchScreen.storyboard;
			sourceTree = "<group>";
		};
/* End PBXVariantGroup section */

/* Begin XCBuildConfiguration section */
		653A26FF24A77EF30000132A /* Debug */ = {
			isa = XCBuildConfiguration;
			buildSettings = {
				ALWAYS_SEARCH_USER_PATHS = NO;
				CLANG_ANALYZER_NONNULL = YES;
				CLANG_ANALYZER_NUMBER_OBJECT_CONVERSION = YES_AGGRESSIVE;
				CLANG_CXX_LANGUAGE_STANDARD = "gnu++14";
				CLANG_CXX_LIBRARY = "libc++";
				CLANG_ENABLE_MODULES = YES;
				CLANG_ENABLE_OBJC_ARC = YES;
				CLANG_ENABLE_OBJC_WEAK = YES;
				CLANG_WARN_BLOCK_CAPTURE_AUTORELEASING = YES;
				CLANG_WARN_BOOL_CONVERSION = YES;
				CLANG_WARN_COMMA = YES;
				CLANG_WARN_CONSTANT_CONVERSION = YES;
				CLANG_WARN_DEPRECATED_OBJC_IMPLEMENTATIONS = YES;
				CLANG_WARN_DIRECT_OBJC_ISA_USAGE = YES_ERROR;
				CLANG_WARN_DOCUMENTATION_COMMENTS = YES;
				CLANG_WARN_EMPTY_BODY = YES;
				CLANG_WARN_ENUM_CONVERSION = YES;
				CLANG_WARN_INFINITE_RECURSION = YES;
				CLANG_WARN_INT_CONVERSION = YES;
				CLANG_WARN_NON_LITERAL_NULL_CONVERSION = YES;
				CLANG_WARN_OBJC_IMPLICIT_RETAIN_SELF = YES;
				CLANG_WARN_OBJC_LITERAL_CONVERSION = YES;
				CLANG_WARN_OBJC_ROOT_CLASS = YES_ERROR;
				CLANG_WARN_RANGE_LOOP_ANALYSIS = YES;
				CLANG_WARN_STRICT_PROTOTYPES = YES;
				CLANG_WARN_SUSPICIOUS_MOVE = YES;
				CLANG_WARN_UNGUARDED_AVAILABILITY = YES_AGGRESSIVE;
				CLANG_WARN_UNREACHABLE_CODE = YES;
				CLANG_WARN__DUPLICATE_METHOD_MATCH = YES;
				COPY_PHASE_STRIP = NO;
				DEBUG_INFORMATION_FORMAT = dwarf;
				ENABLE_STRICT_OBJC_MSGSEND = YES;
				ENABLE_TESTABILITY = YES;
				GCC_C_LANGUAGE_STANDARD = gnu11;
				GCC_DYNAMIC_NO_PIC = NO;
				GCC_NO_COMMON_BLOCKS = YES;
				GCC_OPTIMIZATION_LEVEL = 0;
				GCC_PREPROCESSOR_DEFINITIONS = (
					"DEBUG=1",
					"$(inherited)",
				);
				GCC_WARN_64_TO_32_BIT_CONVERSION = YES;
				GCC_WARN_ABOUT_RETURN_TYPE = YES_ERROR;
				GCC_WARN_UNDECLARED_SELECTOR = YES;
				GCC_WARN_UNINITIALIZED_AUTOS = YES_AGGRESSIVE;
				GCC_WARN_UNUSED_FUNCTION = YES;
				GCC_WARN_UNUSED_VARIABLE = YES;
				IPHONEOS_DEPLOYMENT_TARGET = 13.5;
				MTL_ENABLE_DEBUG_INFO = INCLUDE_SOURCE;
				MTL_FAST_MATH = YES;
				ONLY_ACTIVE_ARCH = YES;
				SDKROOT = iphoneos;
				SWIFT_ACTIVE_COMPILATION_CONDITIONS = DEBUG;
				SWIFT_OPTIMIZATION_LEVEL = "-Onone";
			};
			name = Debug;
		};
		653A270024A77EF30000132A /* Release */ = {
			isa = XCBuildConfiguration;
			buildSettings = {
				ALWAYS_SEARCH_USER_PATHS = NO;
				CLANG_ANALYZER_NONNULL = YES;
				CLANG_ANALYZER_NUMBER_OBJECT_CONVERSION = YES_AGGRESSIVE;
				CLANG_CXX_LANGUAGE_STANDARD = "gnu++14";
				CLANG_CXX_LIBRARY = "libc++";
				CLANG_ENABLE_MODULES = YES;
				CLANG_ENABLE_OBJC_ARC = YES;
				CLANG_ENABLE_OBJC_WEAK = YES;
				CLANG_WARN_BLOCK_CAPTURE_AUTORELEASING = YES;
				CLANG_WARN_BOOL_CONVERSION = YES;
				CLANG_WARN_COMMA = YES;
				CLANG_WARN_CONSTANT_CONVERSION = YES;
				CLANG_WARN_DEPRECATED_OBJC_IMPLEMENTATIONS = YES;
				CLANG_WARN_DIRECT_OBJC_ISA_USAGE = YES_ERROR;
				CLANG_WARN_DOCUMENTATION_COMMENTS = YES;
				CLANG_WARN_EMPTY_BODY = YES;
				CLANG_WARN_ENUM_CONVERSION = YES;
				CLANG_WARN_INFINITE_RECURSION = YES;
				CLANG_WARN_INT_CONVERSION = YES;
				CLANG_WARN_NON_LITERAL_NULL_CONVERSION = YES;
				CLANG_WARN_OBJC_IMPLICIT_RETAIN_SELF = YES;
				CLANG_WARN_OBJC_LITERAL_CONVERSION = YES;
				CLANG_WARN_OBJC_ROOT_CLASS = YES_ERROR;
				CLANG_WARN_RANGE_LOOP_ANALYSIS = YES;
				CLANG_WARN_STRICT_PROTOTYPES = YES;
				CLANG_WARN_SUSPICIOUS_MOVE = YES;
				CLANG_WARN_UNGUARDED_AVAILABILITY = YES_AGGRESSIVE;
				CLANG_WARN_UNREACHABLE_CODE = YES;
				CLANG_WARN__DUPLICATE_METHOD_MATCH = YES;
				COPY_PHASE_STRIP = NO;
				DEBUG_INFORMATION_FORMAT = "dwarf-with-dsym";
				ENABLE_NS_ASSERTIONS = NO;
				ENABLE_STRICT_OBJC_MSGSEND = YES;
				GCC_C_LANGUAGE_STANDARD = gnu11;
				GCC_NO_COMMON_BLOCKS = YES;
				GCC_WARN_64_TO_32_BIT_CONVERSION = YES;
				GCC_WARN_ABOUT_RETURN_TYPE = YES_ERROR;
				GCC_WARN_UNDECLARED_SELECTOR = YES;
				GCC_WARN_UNINITIALIZED_AUTOS = YES_AGGRESSIVE;
				GCC_WARN_UNUSED_FUNCTION = YES;
				GCC_WARN_UNUSED_VARIABLE = YES;
				IPHONEOS_DEPLOYMENT_TARGET = 13.5;
				MTL_ENABLE_DEBUG_INFO = NO;
				MTL_FAST_MATH = YES;
				SDKROOT = iphoneos;
				SWIFT_COMPILATION_MODE = wholemodule;
				SWIFT_OPTIMIZATION_LEVEL = "-O";
				VALIDATE_PRODUCT = YES;
			};
			name = Release;
		};
		653A270224A77EF30000132A /* Debug */ = {
			isa = XCBuildConfiguration;
			buildSettings = {
				ASSETCATALOG_COMPILER_APPICON_NAME = AppIcon;
				CODE_SIGN_STYLE = Automatic;
				DEVELOPMENT_ASSET_PATHS = "\"SwiftUiTutorial/Preview Content\"";
				DEVELOPMENT_TEAM = ANFCL46LUP;
				ENABLE_PREVIEWS = YES;
				INFOPLIST_FILE = SwiftUiTutorial/Info.plist;
				LD_RUNPATH_SEARCH_PATHS = (
					"$(inherited)",
					"@executable_path/Frameworks",
				);
				PRODUCT_BUNDLE_IDENTIFIER = com.Besttz.SwiftUiTutorial;
				PRODUCT_NAME = "$(TARGET_NAME)";
				SWIFT_VERSION = 5.0;
				TARGETED_DEVICE_FAMILY = "1,2";
			};
			name = Debug;
		};
		653A270324A77EF30000132A /* Release */ = {
			isa = XCBuildConfiguration;
			buildSettings = {
				ASSETCATALOG_COMPILER_APPICON_NAME = AppIcon;
				CODE_SIGN_STYLE = Automatic;
				DEVELOPMENT_ASSET_PATHS = "\"SwiftUiTutorial/Preview Content\"";
				DEVELOPMENT_TEAM = ANFCL46LUP;
				ENABLE_PREVIEWS = YES;
				INFOPLIST_FILE = SwiftUiTutorial/Info.plist;
				LD_RUNPATH_SEARCH_PATHS = (
					"$(inherited)",
					"@executable_path/Frameworks",
				);
				PRODUCT_BUNDLE_IDENTIFIER = com.Besttz.SwiftUiTutorial;
				PRODUCT_NAME = "$(TARGET_NAME)";
				SWIFT_VERSION = 5.0;
				TARGETED_DEVICE_FAMILY = "1,2";
			};
			name = Release;
		};
/* End XCBuildConfiguration section */

/* Begin XCConfigurationList section */
		653A26E824A77EF20000132A /* Build configuration list for PBXProject "SwiftUiTutorial" */ = {
			isa = XCConfigurationList;
			buildConfigurations = (
				653A26FF24A77EF30000132A /* Debug */,
				653A270024A77EF30000132A /* Release */,
			);
			defaultConfigurationIsVisible = 0;
			defaultConfigurationName = Release;
		};
		653A270124A77EF30000132A /* Build configuration list for PBXNativeTarget "SwiftUiTutorial" */ = {
			isa = XCConfigurationList;
			buildConfigurations = (
				653A270224A77EF30000132A /* Debug */,
				653A270324A77EF30000132A /* Release */,
			);
			defaultConfigurationIsVisible = 0;
			defaultConfigurationName = Release;
		};
/* End XCConfigurationList section */
	};
	rootObject = 653A26E524A77EF20000132A /* Project object */;
}
