// !$*UTF8*$!
{
	archiveVersion = 1;
	classes = {
	};
	objectVersion = 50;
	objects = {

/* Begin PBXBuildFile section */
		65738DC824DAC37000E1DC09 /* AppDelegate.swift in Sources */ = {isa = PBXBuildFile; fileRef = 65738DC724DAC37000E1DC09 /* AppDelegate.swift */; };
		65738DCA24DAC37000E1DC09 /* SceneDelegate.swift in Sources */ = {isa = PBXBuildFile; fileRef = 65738DC924DAC37000E1DC09 /* SceneDelegate.swift */; };
		65738DCC24DAC37000E1DC09 /* ViewController.swift in Sources */ = {isa = PBXBuildFile; fileRef = 65738DCB24DAC37000E1DC09 /* ViewController.swift */; };
		65738DCF24DAC37000E1DC09 /* Main.storyboard in Resources */ = {isa = PBXBuildFile; fileRef = 65738DCD24DAC37000E1DC09 /* Main.storyboard */; };
		65738DD124DAC37100E1DC09 /* Assets.xcassets in Resources */ = {isa = PBXBuildFile; fileRef = 65738DD024DAC37100E1DC09 /* Assets.xcassets */; };
		65738DD424DAC37100E1DC09 /* LaunchScreen.storyboard in Resources */ = {isa = PBXBuildFile; fileRef = 65738DD224DAC37100E1DC09 /* LaunchScreen.storyboard */; };
		65738DDC24DAC38C00E1DC09 /* ResultViewController.swift in Sources */ = {isa = PBXBuildFile; fileRef = 65738DDB24DAC38C00E1DC09 /* ResultViewController.swift */; };
		65738DDE24DAC3F600E1DC09 /* Question.swift in Sources */ = {isa = PBXBuildFile; fileRef = 65738DDD24DAC3F600E1DC09 /* Question.swift */; };
		65738DE224DAC47100E1DC09 /* QuizModel.swift in Sources */ = {isa = PBXBuildFile; fileRef = 65738DE124DAC47100E1DC09 /* QuizModel.swift */; };
		65738DE424DAD19A00E1DC09 /* QuestionData.json in Resources */ = {isa = PBXBuildFile; fileRef = 65738DE324DAD19A00E1DC09 /* QuestionData.json */; };
/* End PBXBuildFile section */

/* Begin PBXFileReference section */
		65738DC424DAC37000E1DC09 /* Quiz.app */ = {isa = PBXFileReference; explicitFileType = wrapper.application; includeInIndex = 0; path = Quiz.app; sourceTree = BUILT_PRODUCTS_DIR; };
		65738DC724DAC37000E1DC09 /* AppDelegate.swift */ = {isa = PBXFileReference; lastKnownFileType = sourcecode.swift; path = AppDelegate.swift; sourceTree = "<group>"; };
		65738DC924DAC37000E1DC09 /* SceneDelegate.swift */ = {isa = PBXFileReference; lastKnownFileType = sourcecode.swift; path = SceneDelegate.swift; sourceTree = "<group>"; };
		65738DCB24DAC37000E1DC09 /* ViewController.swift */ = {isa = PBXFileReference; lastKnownFileType = sourcecode.swift; path = ViewController.swift; sourceTree = "<group>"; };
		65738DCE24DAC37000E1DC09 /* Base */ = {isa = PBXFileReference; lastKnownFileType = file.storyboard; name = Base; path = Base.lproj/Main.storyboard; sourceTree = "<group>"; };
		65738DD024DAC37100E1DC09 /* Assets.xcassets */ = {isa = PBXFileReference; lastKnownFileType = folder.assetcatalog; path = Assets.xcassets; sourceTree = "<group>"; };
		65738DD324DAC37100E1DC09 /* Base */ = {isa = PBXFileReference; lastKnownFileType = file.storyboard; name = Base; path = Base.lproj/LaunchScreen.storyboard; sourceTree = "<group>"; };
		65738DD524DAC37100E1DC09 /* Info.plist */ = {isa = PBXFileReference; lastKnownFileType = text.plist.xml; path = Info.plist; sourceTree = "<group>"; };
		65738DDB24DAC38C00E1DC09 /* ResultViewController.swift */ = {isa = PBXFileReference; lastKnownFileType = sourcecode.swift; path = ResultViewController.swift; sourceTree = "<group>"; };
		65738DDD24DAC3F600E1DC09 /* Question.swift */ = {isa = PBXFileReference; lastKnownFileType = sourcecode.swift; path = Question.swift; sourceTree = "<group>"; };
		65738DE124DAC47100E1DC09 /* QuizModel.swift */ = {isa = PBXFileReference; lastKnownFileType = sourcecode.swift; path = QuizModel.swift; sourceTree = "<group>"; };
		65738DE324DAD19A00E1DC09 /* QuestionData.json */ = {isa = PBXFileReference; fileEncoding = 4; lastKnownFileType = text.json; path = QuestionData.json; sourceTree = "<group>"; };
/* End PBXFileReference section */

/* Begin PBXFrameworksBuildPhase section */
		65738DC124DAC37000E1DC09 /* Frameworks */ = {
			isa = PBXFrameworksBuildPhase;
			buildActionMask = 2147483647;
			files = (
			);
			runOnlyForDeploymentPostprocessing = 0;
		};
/* End PBXFrameworksBuildPhase section */

/* Begin PBXGroup section */
		65738DBB24DAC37000E1DC09 = {
			isa = PBXGroup;
			children = (
				65738DC624DAC37000E1DC09 /* Quiz */,
				65738DC524DAC37000E1DC09 /* Products */,
			);
			sourceTree = "<group>";
		};
		65738DC524DAC37000E1DC09 /* Products */ = {
			isa = PBXGroup;
			children = (
				65738DC424DAC37000E1DC09 /* Quiz.app */,
			);
			name = Products;
			sourceTree = "<group>";
		};
		65738DC624DAC37000E1DC09 /* Quiz */ = {
			isa = PBXGroup;
			children = (
				65738DC724DAC37000E1DC09 /* AppDelegate.swift */,
				65738DC924DAC37000E1DC09 /* SceneDelegate.swift */,
				65738DCD24DAC37000E1DC09 /* Main.storyboard */,
				65738DD224DAC37100E1DC09 /* LaunchScreen.storyboard */,
				65738DE024DAC45500E1DC09 /* View */,
				65738DDF24DAC44D00E1DC09 /* Model */,
				65738DD024DAC37100E1DC09 /* Assets.xcassets */,
				65738DE324DAD19A00E1DC09 /* QuestionData.json */,
				65738DD524DAC37100E1DC09 /* Info.plist */,
			);
			path = Quiz;
			sourceTree = "<group>";
		};
		65738DDF24DAC44D00E1DC09 /* Model */ = {
			isa = PBXGroup;
			children = (
				65738DDD24DAC3F600E1DC09 /* Question.swift */,
				65738DE124DAC47100E1DC09 /* QuizModel.swift */,
			);
			path = Model;
			sourceTree = "<group>";
		};
		65738DE024DAC45500E1DC09 /* View */ = {
			isa = PBXGroup;
			children = (
				65738DCB24DAC37000E1DC09 /* ViewController.swift */,
				65738DDB24DAC38C00E1DC09 /* ResultViewController.swift */,
			);
			path = View;
			sourceTree = "<group>";
		};
/* End PBXGroup section */

/* Begin PBXNativeTarget section */
		65738DC324DAC37000E1DC09 /* Quiz */ = {
			isa = PBXNativeTarget;
			buildConfigurationList = 65738DD824DAC37100E1DC09 /* Build configuration list for PBXNativeTarget "Quiz" */;
			buildPhases = (
				65738DC024DAC37000E1DC09 /* Sources */,
				65738DC124DAC37000E1DC09 /* Frameworks */,
				65738DC224DAC37000E1DC09 /* Resources */,
			);
			buildRules = (
			);
			dependencies = (
			);
			name = Quiz;
			productName = Quiz;
			productReference = 65738DC424DAC37000E1DC09 /* Quiz.app */;
			productType = "com.apple.product-type.application";
		};
/* End PBXNativeTarget section */

/* Begin PBXProject section */
		65738DBC24DAC37000E1DC09 /* Project object */ = {
			isa = PBXProject;
			attributes = {
				LastSwiftUpdateCheck = 1160;
				LastUpgradeCheck = 1160;
				ORGANIZATIONNAME = "Tommy Zhang";
				TargetAttributes = {
					65738DC324DAC37000E1DC09 = {
						CreatedOnToolsVersion = 11.6;
					};
				};
			};
			buildConfigurationList = 65738DBF24DAC37000E1DC09 /* Build configuration list for PBXProject "Quiz" */;
			compatibilityVersion = "Xcode 9.3";
			developmentRegion = en;
			hasScannedForEncodings = 0;
			knownRegions = (
				en,
				Base,
			);
			mainGroup = 65738DBB24DAC37000E1DC09;
			productRefGroup = 65738DC524DAC37000E1DC09 /* Products */;
			projectDirPath = "";
			projectRoot = "";
			targets = (
				65738DC324DAC37000E1DC09 /* Quiz */,
			);
		};
/* End PBXProject section */

/* Begin PBXResourcesBuildPhase section */
		65738DC224DAC37000E1DC09 /* Resources */ = {
			isa = PBXResourcesBuildPhase;
			buildActionMask = 2147483647;
			files = (
				65738DD424DAC37100E1DC09 /* LaunchScreen.storyboard in Resources */,
				65738DD124DAC37100E1DC09 /* Assets.xcassets in Resources */,
				65738DCF24DAC37000E1DC09 /* Main.storyboard in Resources */,
				65738DE424DAD19A00E1DC09 /* QuestionData.json in Resources */,
			);
			runOnlyForDeploymentPostprocessing = 0;
		};
/* End PBXResourcesBuildPhase section */

/* Begin PBXSourcesBuildPhase section */
		65738DC024DAC37000E1DC09 /* Sources */ = {
			isa = PBXSourcesBuildPhase;
			buildActionMask = 2147483647;
			files = (
				65738DDE24DAC3F600E1DC09 /* Question.swift in Sources */,
				65738DCC24DAC37000E1DC09 /* ViewController.swift in Sources */,
				65738DC824DAC37000E1DC09 /* AppDelegate.swift in Sources */,
				65738DCA24DAC37000E1DC09 /* SceneDelegate.swift in Sources */,
				65738DE224DAC47100E1DC09 /* QuizModel.swift in Sources */,
				65738DDC24DAC38C00E1DC09 /* ResultViewController.swift in Sources */,
			);
			runOnlyForDeploymentPostprocessing = 0;
		};
/* End PBXSourcesBuildPhase section */

/* Begin PBXVariantGroup section */
		65738DCD24DAC37000E1DC09 /* Main.storyboard */ = {
			isa = PBXVariantGroup;
			children = (
				65738DCE24DAC37000E1DC09 /* Base */,
			);
			name = Main.storyboard;
			sourceTree = "<group>";
		};
		65738DD224DAC37100E1DC09 /* LaunchScreen.storyboard */ = {
			isa = PBXVariantGroup;
			children = (
				65738DD324DAC37100E1DC09 /* Base */,
			);
			name = LaunchScreen.storyboard;
			sourceTree = "<group>";
		};
/* End PBXVariantGroup section */

/* Begin XCBuildConfiguration section */
		65738DD624DAC37100E1DC09 /* Debug */ = {
			isa = XCBuildConfiguration;
			buildSettings = {
				ALWAYS_SEARCH_USER_PATHS = NO;
				CLANG_ANALYZER_NONNULL = YES;
				CLANG_ANALYZER_NUMBER_OBJECT_CONVERSION = YES_AGGRESSIVE;
				CLANG_CXX_LANGUAGE_STANDARD = "gnu++14";
				CLANG_CXX_LIBRARY = "libc++";
				CLANG_ENABLE_MODULES = YES;
				CLANG_ENABLE_OBJC_ARC = YES;
				CLANG_ENABLE_OBJC_WEAK = YES;
				CLANG_WARN_BLOCK_CAPTURE_AUTORELEASING = YES;
				CLANG_WARN_BOOL_CONVERSION = YES;
				CLANG_WARN_COMMA = YES;
				CLANG_WARN_CONSTANT_CONVERSION = YES;
				CLANG_WARN_DEPRECATED_OBJC_IMPLEMENTATIONS = YES;
				CLANG_WARN_DIRECT_OBJC_ISA_USAGE = YES_ERROR;
				CLANG_WARN_DOCUMENTATION_COMMENTS = YES;
				CLANG_WARN_EMPTY_BODY = YES;
				CLANG_WARN_ENUM_CONVERSION = YES;
				CLANG_WARN_INFINITE_RECURSION = YES;
				CLANG_WARN_INT_CONVERSION = YES;
				CLANG_WARN_NON_LITERAL_NULL_CONVERSION = YES;
				CLANG_WARN_OBJC_IMPLICIT_RETAIN_SELF = YES;
				CLANG_WARN_OBJC_LITERAL_CONVERSION = YES;
				CLANG_WARN_OBJC_ROOT_CLASS = YES_ERROR;
				CLANG_WARN_RANGE_LOOP_ANALYSIS = YES;
				CLANG_WARN_STRICT_PROTOTYPES = YES;
				CLANG_WARN_SUSPICIOUS_MOVE = YES;
				CLANG_WARN_UNGUARDED_AVAILABILITY = YES_AGGRESSIVE;
				CLANG_WARN_UNREACHABLE_CODE = YES;
				CLANG_WARN__DUPLICATE_METHOD_MATCH = YES;
				COPY_PHASE_STRIP = NO;
				DEBUG_INFORMATION_FORMAT = dwarf;
				ENABLE_STRICT_OBJC_MSGSEND = YES;
				ENABLE_TESTABILITY = YES;
				GCC_C_LANGUAGE_STANDARD = gnu11;
				GCC_DYNAMIC_NO_PIC = NO;
				GCC_NO_COMMON_BLOCKS = YES;
				GCC_OPTIMIZATION_LEVEL = 0;
				GCC_PREPROCESSOR_DEFINITIONS = (
					"DEBUG=1",
					"$(inherited)",
				);
				GCC_WARN_64_TO_32_BIT_CONVERSION = YES;
				GCC_WARN_ABOUT_RETURN_TYPE = YES_ERROR;
				GCC_WARN_UNDECLARED_SELECTOR = YES;
				GCC_WARN_UNINITIALIZED_AUTOS = YES_AGGRESSIVE;
				GCC_WARN_UNUSED_FUNCTION = YES;
				GCC_WARN_UNUSED_VARIABLE = YES;
				IPHONEOS_DEPLOYMENT_TARGET = 13.6;
				MTL_ENABLE_DEBUG_INFO = INCLUDE_SOURCE;
				MTL_FAST_MATH = YES;
				ONLY_ACTIVE_ARCH = YES;
				SDKROOT = iphoneos;
				SWIFT_ACTIVE_COMPILATION_CONDITIONS = DEBUG;
				SWIFT_OPTIMIZATION_LEVEL = "-Onone";
			};
			name = Debug;
		};
		65738DD724DAC37100E1DC09 /* Release */ = {
			isa = XCBuildConfiguration;
			buildSettings = {
				ALWAYS_SEARCH_USER_PATHS = NO;
				CLANG_ANALYZER_NONNULL = YES;
				CLANG_ANALYZER_NUMBER_OBJECT_CONVERSION = YES_AGGRESSIVE;
				CLANG_CXX_LANGUAGE_STANDARD = "gnu++14";
				CLANG_CXX_LIBRARY = "libc++";
				CLANG_ENABLE_MODULES = YES;
				CLANG_ENABLE_OBJC_ARC = YES;
				CLANG_ENABLE_OBJC_WEAK = YES;
				CLANG_WARN_BLOCK_CAPTURE_AUTORELEASING = YES;
				CLANG_WARN_BOOL_CONVERSION = YES;
				CLANG_WARN_COMMA = YES;
				CLANG_WARN_CONSTANT_CONVERSION = YES;
				CLANG_WARN_DEPRECATED_OBJC_IMPLEMENTATIONS = YES;
				CLANG_WARN_DIRECT_OBJC_ISA_USAGE = YES_ERROR;
				CLANG_WARN_DOCUMENTATION_COMMENTS = YES;
				CLANG_WARN_EMPTY_BODY = YES;
				CLANG_WARN_ENUM_CONVERSION = YES;
				CLANG_WARN_INFINITE_RECURSION = YES;
				CLANG_WARN_INT_CONVERSION = YES;
				CLANG_WARN_NON_LITERAL_NULL_CONVERSION = YES;
				CLANG_WARN_OBJC_IMPLICIT_RETAIN_SELF = YES;
				CLANG_WARN_OBJC_LITERAL_CONVERSION = YES;
				CLANG_WARN_OBJC_ROOT_CLASS = YES_ERROR;
				CLANG_WARN_RANGE_LOOP_ANALYSIS = YES;
				CLANG_WARN_STRICT_PROTOTYPES = YES;
				CLANG_WARN_SUSPICIOUS_MOVE = YES;
				CLANG_WARN_UNGUARDED_AVAILABILITY = YES_AGGRESSIVE;
				CLANG_WARN_UNREACHABLE_CODE = YES;
				CLANG_WARN__DUPLICATE_METHOD_MATCH = YES;
				COPY_PHASE_STRIP = NO;
				DEBUG_INFORMATION_FORMAT = "dwarf-with-dsym";
				ENABLE_NS_ASSERTIONS = NO;
				ENABLE_STRICT_OBJC_MSGSEND = YES;
				GCC_C_LANGUAGE_STANDARD = gnu11;
				GCC_NO_COMMON_BLOCKS = YES;
				GCC_WARN_64_TO_32_BIT_CONVERSION = YES;
				GCC_WARN_ABOUT_RETURN_TYPE = YES_ERROR;
				GCC_WARN_UNDECLARED_SELECTOR = YES;
				GCC_WARN_UNINITIALIZED_AUTOS = YES_AGGRESSIVE;
				GCC_WARN_UNUSED_FUNCTION = YES;
				GCC_WARN_UNUSED_VARIABLE = YES;
				IPHONEOS_DEPLOYMENT_TARGET = 13.6;
				MTL_ENABLE_DEBUG_INFO = NO;
				MTL_FAST_MATH = YES;
				SDKROOT = iphoneos;
				SWIFT_COMPILATION_MODE = wholemodule;
				SWIFT_OPTIMIZATION_LEVEL = "-O";
				VALIDATE_PRODUCT = YES;
			};
			name = Release;
		};
		65738DD924DAC37100E1DC09 /* Debug */ = {
			isa = XCBuildConfiguration;
			buildSettings = {
				ASSETCATALOG_COMPILER_APPICON_NAME = AppIcon;
				CODE_SIGN_STYLE = Automatic;
				DEVELOPMENT_TEAM = ANFCL46LUP;
				INFOPLIST_FILE = Quiz/Info.plist;
				IPHONEOS_DEPLOYMENT_TARGET = 13.0;
				LD_RUNPATH_SEARCH_PATHS = (
					"$(inherited)",
					"@executable_path/Frameworks",
				);
				PRODUCT_BUNDLE_IDENTIFIER = com.Besttz.Quiz;
				PRODUCT_NAME = "$(TARGET_NAME)";
				SWIFT_VERSION = 5.0;
				TARGETED_DEVICE_FAMILY = "1,2";
			};
			name = Debug;
		};
		65738DDA24DAC37100E1DC09 /* Release */ = {
			isa = XCBuildConfiguration;
			buildSettings = {
				ASSETCATALOG_COMPILER_APPICON_NAME = AppIcon;
				CODE_SIGN_STYLE = Automatic;
				DEVELOPMENT_TEAM = ANFCL46LUP;
				INFOPLIST_FILE = Quiz/Info.plist;
				IPHONEOS_DEPLOYMENT_TARGET = 13.0;
				LD_RUNPATH_SEARCH_PATHS = (
					"$(inherited)",
					"@executable_path/Frameworks",
				);
				PRODUCT_BUNDLE_IDENTIFIER = com.Besttz.Quiz;
				PRODUCT_NAME = "$(TARGET_NAME)";
				SWIFT_VERSION = 5.0;
				TARGETED_DEVICE_FAMILY = "1,2";
			};
			name = Release;
		};
/* End XCBuildConfiguration section */

/* Begin XCConfigurationList section */
		65738DBF24DAC37000E1DC09 /* Build configuration list for PBXProject "Quiz" */ = {
			isa = XCConfigurationList;
			buildConfigurations = (
				65738DD624DAC37100E1DC09 /* Debug */,
				65738DD724DAC37100E1DC09 /* Release */,
			);
			defaultConfigurationIsVisible = 0;
			defaultConfigurationName = Release;
		};
		65738DD824DAC37100E1DC09 /* Build configuration list for PBXNativeTarget "Quiz" */ = {
			isa = XCConfigurationList;
			buildConfigurations = (
				65738DD924DAC37100E1DC09 /* Debug */,
				65738DDA24DAC37100E1DC09 /* Release */,
			);
			defaultConfigurationIsVisible = 0;
			defaultConfigurationName = Release;
		};
/* End XCConfigurationList section */
	};
	rootObject = 65738DBC24DAC37000E1DC09 /* Project object */;
}
